
Microsoft Visual Studio Solution File, Format Version 12.00
# Visual Studio 14
VisualStudioVersion = 14.0.25420.1
MinimumVisualStudioVersion = 10.0.40219.1
Project("{FAE04EC0-301F-11D3-BF4B-00C04F79EFBC}") = "Aptor", "Aptor\Aptor.csproj", "{473E1C85-B0C6-4F62-9F74-75714A101D52}"
EndProject
Project("{FAE04EC0-301F-11D3-BF4B-00C04F79EFBC}") = "Aptor.Tests", "Aptor.Tests\Aptor.Tests.csproj", "{E070F3FE-ED25-4008-86BB-855238C29CF7}"
EndProject
Global
	GlobalSection(SolutionConfigurationPlatforms) = preSolution
		Debug|Any CPU = Debug|Any CPU
		Release|Any CPU = Release|Any CPU
	EndGlobalSection
	GlobalSection(ProjectConfigurationPlatforms) = postSolution
		{473E1C85-B0C6-4F62-9F74-75714A101D52}.Debug|Any CPU.ActiveCfg = Debug|Any CPU
		{473E1C85-B0C6-4F62-9F74-75714A101D52}.Debug|Any CPU.Build.0 = Debug|Any CPU
		{473E1C85-B0C6-4F62-9F74-75714A101D52}.Release|Any CPU.ActiveCfg = Release|Any CPU
		{473E1C85-B0C6-4F62-9F74-75714A101D52}.Release|Any CPU.Build.0 = Release|Any CPU
		{E070F3FE-ED25-4008-86BB-855238C29CF7}.Debug|Any CPU.ActiveCfg = Debug|Any CPU
		{E070F3FE-ED25-4008-86BB-855238C29CF7}.Debug|Any CPU.Build.0 = Debug|Any CPU
		{E070F3FE-ED25-4008-86BB-855238C29CF7}.Release|Any CPU.ActiveCfg = Release|Any CPU
		{E070F3FE-ED25-4008-86BB-855238C29CF7}.Release|Any CPU.Build.0 = Release|Any CPU
	EndGlobalSection
	GlobalSection(SolutionProperties) = preSolution
		HideSolutionNode = FALSE
	EndGlobalSection
EndGlobal
